// !$*UTF8*$!
{
	archiveVersion = 1;
	classes = {
	};
	objectVersion = 46;
	objects = {

/* Begin PBXBuildFile section */
		ECC76C501DE99A6200A410BB /* AppDelegate.swift in Sources */ = {isa = PBXBuildFile; fileRef = ECC76C4F1DE99A6200A410BB /* AppDelegate.swift */; };
		ECC76C521DE99A6200A410BB /* ViewController.swift in Sources */ = {isa = PBXBuildFile; fileRef = ECC76C511DE99A6200A410BB /* ViewController.swift */; };
		ECC76C551DE99A6200A410BB /* Main.storyboard in Resources */ = {isa = PBXBuildFile; fileRef = ECC76C531DE99A6200A410BB /* Main.storyboard */; };
		ECC76C581DE99A6200A410BB /* FitPairs.xcdatamodeld in Sources */ = {isa = PBXBuildFile; fileRef = ECC76C561DE99A6200A410BB /* FitPairs.xcdatamodeld */; };
		ECC76C5A1DE99A6200A410BB /* Assets.xcassets in Resources */ = {isa = PBXBuildFile; fileRef = ECC76C591DE99A6200A410BB /* Assets.xcassets */; };
		ECC76C5D1DE99A6200A410BB /* LaunchScreen.storyboard in Resources */ = {isa = PBXBuildFile; fileRef = ECC76C5B1DE99A6200A410BB /* LaunchScreen.storyboard */; };
		ECC76C681DE99A6300A410BB /* FitPairsTests.swift in Sources */ = {isa = PBXBuildFile; fileRef = ECC76C671DE99A6300A410BB /* FitPairsTests.swift */; };
		ECC76C731DE99A6300A410BB /* FitPairsUITests.swift in Sources */ = {isa = PBXBuildFile; fileRef = ECC76C721DE99A6300A410BB /* FitPairsUITests.swift */; };
/* End PBXBuildFile section */

/* Begin PBXContainerItemProxy section */
		ECC76C641DE99A6300A410BB /* PBXContainerItemProxy */ = {
			isa = PBXContainerItemProxy;
			containerPortal = ECC76C441DE99A6200A410BB /* Project object */;
			proxyType = 1;
			remoteGlobalIDString = ECC76C4B1DE99A6200A410BB;
			remoteInfo = FitPairs;
		};
		ECC76C6F1DE99A6300A410BB /* PBXContainerItemProxy */ = {
			isa = PBXContainerItemProxy;
			containerPortal = ECC76C441DE99A6200A410BB /* Project object */;
			proxyType = 1;
			remoteGlobalIDString = ECC76C4B1DE99A6200A410BB;
			remoteInfo = FitPairs;
		};
/* End PBXContainerItemProxy section */

/* Begin PBXFileReference section */
		ECC76C4C1DE99A6200A410BB /* FitPairs.app */ = {isa = PBXFileReference; explicitFileType = wrapper.application; includeInIndex = 0; path = FitPairs.app; sourceTree = BUILT_PRODUCTS_DIR; };
		ECC76C4F1DE99A6200A410BB /* AppDelegate.swift */ = {isa = PBXFileReference; lastKnownFileType = sourcecode.swift; path = AppDelegate.swift; sourceTree = "<group>"; };
		ECC76C511DE99A6200A410BB /* ViewController.swift */ = {isa = PBXFileReference; lastKnownFileType = sourcecode.swift; path = ViewController.swift; sourceTree = "<group>"; };
		ECC76C541DE99A6200A410BB /* Base */ = {isa = PBXFileReference; lastKnownFileType = file.storyboard; name = Base; path = Base.lproj/Main.storyboard; sourceTree = "<group>"; };
		ECC76C571DE99A6200A410BB /* FitPairs.xcdatamodel */ = {isa = PBXFileReference; lastKnownFileType = wrapper.xcdatamodel; path = FitPairs.xcdatamodel; sourceTree = "<group>"; };
		ECC76C591DE99A6200A410BB /* Assets.xcassets */ = {isa = PBXFileReference; lastKnownFileType = folder.assetcatalog; path = Assets.xcassets; sourceTree = "<group>"; };
		ECC76C5C1DE99A6200A410BB /* Base */ = {isa = PBXFileReference; lastKnownFileType = file.storyboard; name = Base; path = Base.lproj/LaunchScreen.storyboard; sourceTree = "<group>"; };
		ECC76C5E1DE99A6200A410BB /* Info.plist */ = {isa = PBXFileReference; lastKnownFileType = text.plist.xml; path = Info.plist; sourceTree = "<group>"; };
		ECC76C631DE99A6300A410BB /* FitPairsTests.xctest */ = {isa = PBXFileReference; explicitFileType = wrapper.cfbundle; includeInIndex = 0; path = FitPairsTests.xctest; sourceTree = BUILT_PRODUCTS_DIR; };
		ECC76C671DE99A6300A410BB /* FitPairsTests.swift */ = {isa = PBXFileReference; lastKnownFileType = sourcecode.swift; path = FitPairsTests.swift; sourceTree = "<group>"; };
		ECC76C691DE99A6300A410BB /* Info.plist */ = {isa = PBXFileReference; lastKnownFileType = text.plist.xml; path = Info.plist; sourceTree = "<group>"; };
		ECC76C6E1DE99A6300A410BB /* FitPairsUITests.xctest */ = {isa = PBXFileReference; explicitFileType = wrapper.cfbundle; includeInIndex = 0; path = FitPairsUITests.xctest; sourceTree = BUILT_PRODUCTS_DIR; };
		ECC76C721DE99A6300A410BB /* FitPairsUITests.swift */ = {isa = PBXFileReference; lastKnownFileType = sourcecode.swift; path = FitPairsUITests.swift; sourceTree = "<group>"; };
		ECC76C741DE99A6300A410BB /* Info.plist */ = {isa = PBXFileReference; lastKnownFileType = text.plist.xml; path = Info.plist; sourceTree = "<group>"; };
/* End PBXFileReference section */

/* Begin PBXFrameworksBuildPhase section */
		ECC76C491DE99A6200A410BB /* Frameworks */ = {
			isa = PBXFrameworksBuildPhase;
			buildActionMask = 2147483647;
			files = (
			);
			runOnlyForDeploymentPostprocessing = 0;
		};
		ECC76C601DE99A6300A410BB /* Frameworks */ = {
			isa = PBXFrameworksBuildPhase;
			buildActionMask = 2147483647;
			files = (
			);
			runOnlyForDeploymentPostprocessing = 0;
		};
		ECC76C6B1DE99A6300A410BB /* Frameworks */ = {
			isa = PBXFrameworksBuildPhase;
			buildActionMask = 2147483647;
			files = (
			);
			runOnlyForDeploymentPostprocessing = 0;
		};
/* End PBXFrameworksBuildPhase section */

/* Begin PBXGroup section */
		ECC76C431DE99A6200A410BB = {
			isa = PBXGroup;
			children = (
				ECC76C4E1DE99A6200A410BB /* FitPairs */,
				ECC76C661DE99A6300A410BB /* FitPairsTests */,
				ECC76C711DE99A6300A410BB /* FitPairsUITests */,
				ECC76C4D1DE99A6200A410BB /* Products */,
			);
			sourceTree = "<group>";
		};
		ECC76C4D1DE99A6200A410BB /* Products */ = {
			isa = PBXGroup;
			children = (
				ECC76C4C1DE99A6200A410BB /* FitPairs.app */,
				ECC76C631DE99A6300A410BB /* FitPairsTests.xctest */,
				ECC76C6E1DE99A6300A410BB /* FitPairsUITests.xctest */,
			);
			name = Products;
			sourceTree = "<group>";
		};
		ECC76C4E1DE99A6200A410BB /* FitPairs */ = {
			isa = PBXGroup;
			children = (
				ECC76C4F1DE99A6200A410BB /* AppDelegate.swift */,
				ECC76C511DE99A6200A410BB /* ViewController.swift */,
				ECC76C531DE99A6200A410BB /* Main.storyboard */,
				ECC76C591DE99A6200A410BB /* Assets.xcassets */,
				ECC76C5B1DE99A6200A410BB /* LaunchScreen.storyboard */,
				ECC76C5E1DE99A6200A410BB /* Info.plist */,
				ECC76C561DE99A6200A410BB /* FitPairs.xcdatamodeld */,
			);
			path = FitPairs;
			sourceTree = "<group>";
		};
		ECC76C661DE99A6300A410BB /* FitPairsTests */ = {
			isa = PBXGroup;
			children = (
				ECC76C671DE99A6300A410BB /* FitPairsTests.swift */,
				ECC76C691DE99A6300A410BB /* Info.plist */,
			);
			path = FitPairsTests;
			sourceTree = "<group>";
		};
		ECC76C711DE99A6300A410BB /* FitPairsUITests */ = {
			isa = PBXGroup;
			children = (
				ECC76C721DE99A6300A410BB /* FitPairsUITests.swift */,
				ECC76C741DE99A6300A410BB /* Info.plist */,
			);
			path = FitPairsUITests;
			sourceTree = "<group>";
		};
/* End PBXGroup section */

/* Begin PBXNativeTarget section */
		ECC76C4B1DE99A6200A410BB /* FitPairs */ = {
			isa = PBXNativeTarget;
			buildConfigurationList = ECC76C771DE99A6300A410BB /* Build configuration list for PBXNativeTarget "FitPairs" */;
			buildPhases = (
				ECC76C481DE99A6200A410BB /* Sources */,
				ECC76C491DE99A6200A410BB /* Frameworks */,
				ECC76C4A1DE99A6200A410BB /* Resources */,
			);
			buildRules = (
			);
			dependencies = (
			);
			name = FitPairs;
			productName = FitPairs;
			productReference = ECC76C4C1DE99A6200A410BB /* FitPairs.app */;
			productType = "com.apple.product-type.application";
		};
		ECC76C621DE99A6300A410BB /* FitPairsTests */ = {
			isa = PBXNativeTarget;
			buildConfigurationList = ECC76C7A1DE99A6300A410BB /* Build configuration list for PBXNativeTarget "FitPairsTests" */;
			buildPhases = (
				ECC76C5F1DE99A6300A410BB /* Sources */,
				ECC76C601DE99A6300A410BB /* Frameworks */,
				ECC76C611DE99A6300A410BB /* Resources */,
			);
			buildRules = (
			);
			dependencies = (
				ECC76C651DE99A6300A410BB /* PBXTargetDependency */,
			);
			name = FitPairsTests;
			productName = FitPairsTests;
			productReference = ECC76C631DE99A6300A410BB /* FitPairsTests.xctest */;
			productType = "com.apple.product-type.bundle.unit-test";
		};
		ECC76C6D1DE99A6300A410BB /* FitPairsUITests */ = {
			isa = PBXNativeTarget;
			buildConfigurationList = ECC76C7D1DE99A6300A410BB /* Build configuration list for PBXNativeTarget "FitPairsUITests" */;
			buildPhases = (
				ECC76C6A1DE99A6300A410BB /* Sources */,
				ECC76C6B1DE99A6300A410BB /* Frameworks */,
				ECC76C6C1DE99A6300A410BB /* Resources */,
			);
			buildRules = (
			);
			dependencies = (
				ECC76C701DE99A6300A410BB /* PBXTargetDependency */,
			);
			name = FitPairsUITests;
			productName = FitPairsUITests;
			productReference = ECC76C6E1DE99A6300A410BB /* FitPairsUITests.xctest */;
			productType = "com.apple.product-type.bundle.ui-testing";
		};
/* End PBXNativeTarget section */

/* Begin PBXProject section */
		ECC76C441DE99A6200A410BB /* Project object */ = {
			isa = PBXProject;
			attributes = {
				LastSwiftUpdateCheck = 0800;
				LastUpgradeCheck = 0800;
				ORGANIZATIONNAME = Nikunj;
				TargetAttributes = {
					ECC76C4B1DE99A6200A410BB = {
						CreatedOnToolsVersion = 8.0;
						ProvisioningStyle = Automatic;
					};
					ECC76C621DE99A6300A410BB = {
						CreatedOnToolsVersion = 8.0;
						ProvisioningStyle = Automatic;
						TestTargetID = ECC76C4B1DE99A6200A410BB;
					};
					ECC76C6D1DE99A6300A410BB = {
						CreatedOnToolsVersion = 8.0;
						ProvisioningStyle = Automatic;
						TestTargetID = ECC76C4B1DE99A6200A410BB;
					};
				};
			};
			buildConfigurationList = ECC76C471DE99A6200A410BB /* Build configuration list for PBXProject "FitPairs" */;
			compatibilityVersion = "Xcode 3.2";
			developmentRegion = English;
			hasScannedForEncodings = 0;
			knownRegions = (
				en,
				Base,
			);
			mainGroup = ECC76C431DE99A6200A410BB;
			productRefGroup = ECC76C4D1DE99A6200A410BB /* Products */;
			projectDirPath = "";
			projectRoot = "";
			targets = (
				ECC76C4B1DE99A6200A410BB /* FitPairs */,
				ECC76C621DE99A6300A410BB /* FitPairsTests */,
				ECC76C6D1DE99A6300A410BB /* FitPairsUITests */,
			);
		};
/* End PBXProject section */

/* Begin PBXResourcesBuildPhase section */
		ECC76C4A1DE99A6200A410BB /* Resources */ = {
			isa = PBXResourcesBuildPhase;
			buildActionMask = 2147483647;
			files = (
				ECC76C5D1DE99A6200A410BB /* LaunchScreen.storyboard in Resources */,
				ECC76C5A1DE99A6200A410BB /* Assets.xcassets in Resources */,
				ECC76C551DE99A6200A410BB /* Main.storyboard in Resources */,
			);
			runOnlyForDeploymentPostprocessing = 0;
		};
		ECC76C611DE99A6300A410BB /* Resources */ = {
			isa = PBXResourcesBuildPhase;
			buildActionMask = 2147483647;
			files = (
			);
			runOnlyForDeploymentPostprocessing = 0;
		};
		ECC76C6C1DE99A6300A410BB /* Resources */ = {
			isa = PBXResourcesBuildPhase;
			buildActionMask = 2147483647;
			files = (
			);
			runOnlyForDeploymentPostprocessing = 0;
		};
/* End PBXResourcesBuildPhase section */

/* Begin PBXSourcesBuildPhase section */
		ECC76C481DE99A6200A410BB /* Sources */ = {
			isa = PBXSourcesBuildPhase;
			buildActionMask = 2147483647;
			files = (
				ECC76C521DE99A6200A410BB /* ViewController.swift in Sources */,
				ECC76C501DE99A6200A410BB /* AppDelegate.swift in Sources */,
				ECC76C581DE99A6200A410BB /* FitPairs.xcdatamodeld in Sources */,
			);
			runOnlyForDeploymentPostprocessing = 0;
		};
		ECC76C5F1DE99A6300A410BB /* Sources */ = {
			isa = PBXSourcesBuildPhase;
			buildActionMask = 2147483647;
			files = (
				ECC76C681DE99A6300A410BB /* FitPairsTests.swift in Sources */,
			);
			runOnlyForDeploymentPostprocessing = 0;
		};
		ECC76C6A1DE99A6300A410BB /* Sources */ = {
			isa = PBXSourcesBuildPhase;
			buildActionMask = 2147483647;
			files = (
				ECC76C731DE99A6300A410BB /* FitPairsUITests.swift in Sources */,
			);
			runOnlyForDeploymentPostprocessing = 0;
		};
/* End PBXSourcesBuildPhase section */

/* Begin PBXTargetDependency section */
		ECC76C651DE99A6300A410BB /* PBXTargetDependency */ = {
			isa = PBXTargetDependency;
			target = ECC76C4B1DE99A6200A410BB /* FitPairs */;
			targetProxy = ECC76C641DE99A6300A410BB /* PBXContainerItemProxy */;
		};
		ECC76C701DE99A6300A410BB /* PBXTargetDependency */ = {
			isa = PBXTargetDependency;
			target = ECC76C4B1DE99A6200A410BB /* FitPairs */;
			targetProxy = ECC76C6F1DE99A6300A410BB /* PBXContainerItemProxy */;
		};
/* End PBXTargetDependency section */

/* Begin PBXVariantGroup section */
		ECC76C531DE99A6200A410BB /* Main.storyboard */ = {
			isa = PBXVariantGroup;
			children = (
				ECC76C541DE99A6200A410BB /* Base */,
			);
			name = Main.storyboard;
			sourceTree = "<group>";
		};
		ECC76C5B1DE99A6200A410BB /* LaunchScreen.storyboard */ = {
			isa = PBXVariantGroup;
			children = (
				ECC76C5C1DE99A6200A410BB /* Base */,
			);
			name = LaunchScreen.storyboard;
			sourceTree = "<group>";
		};
/* End PBXVariantGroup section */

/* Begin XCBuildConfiguration section */
		ECC76C751DE99A6300A410BB /* Debug */ = {
			isa = XCBuildConfiguration;
			buildSettings = {
				ALWAYS_SEARCH_USER_PATHS = NO;
				CLANG_ANALYZER_NONNULL = YES;
				CLANG_CXX_LANGUAGE_STANDARD = "gnu++0x";
				CLANG_CXX_LIBRARY = "libc++";
				CLANG_ENABLE_MODULES = YES;
				CLANG_ENABLE_OBJC_ARC = YES;
				CLANG_WARN_BOOL_CONVERSION = YES;
				CLANG_WARN_CONSTANT_CONVERSION = YES;
				CLANG_WARN_DIRECT_OBJC_ISA_USAGE = YES_ERROR;
				CLANG_WARN_DOCUMENTATION_COMMENTS = YES;
				CLANG_WARN_EMPTY_BODY = YES;
				CLANG_WARN_ENUM_CONVERSION = YES;
				CLANG_WARN_INFINITE_RECURSION = YES;
				CLANG_WARN_INT_CONVERSION = YES;
				CLANG_WARN_OBJC_ROOT_CLASS = YES_ERROR;
				CLANG_WARN_SUSPICIOUS_MOVES = YES;
				CLANG_WARN_UNREACHABLE_CODE = YES;
				CLANG_WARN__DUPLICATE_METHOD_MATCH = YES;
				"CODE_SIGN_IDENTITY[sdk=iphoneos*]" = "iPhone Developer";
				COPY_PHASE_STRIP = NO;
				DEBUG_INFORMATION_FORMAT = dwarf;
				ENABLE_STRICT_OBJC_MSGSEND = YES;
				ENABLE_TESTABILITY = YES;
				GCC_C_LANGUAGE_STANDARD = gnu99;
				GCC_DYNAMIC_NO_PIC = NO;
				GCC_NO_COMMON_BLOCKS = YES;
				GCC_OPTIMIZATION_LEVEL = 0;
				GCC_PREPROCESSOR_DEFINITIONS = (
					"DEBUG=1",
					"$(inherited)",
				);
				GCC_WARN_64_TO_32_BIT_CONVERSION = YES;
				GCC_WARN_ABOUT_RETURN_TYPE = YES_ERROR;
				GCC_WARN_UNDECLARED_SELECTOR = YES;
				GCC_WARN_UNINITIALIZED_AUTOS = YES_AGGRESSIVE;
				GCC_WARN_UNUSED_FUNCTION = YES;
				GCC_WARN_UNUSED_VARIABLE = YES;
				IPHONEOS_DEPLOYMENT_TARGET = 10.0;
				MTL_ENABLE_DEBUG_INFO = YES;
				ONLY_ACTIVE_ARCH = YES;
				SDKROOT = iphoneos;
				SWIFT_ACTIVE_COMPILATION_CONDITIONS = DEBUG;
				SWIFT_OPTIMIZATION_LEVEL = "-Onone";
				TARGETED_DEVICE_FAMILY = "1,2";
			};
			name = Debug;
		};
		ECC76C761DE99A6300A410BB /* Release */ = {
			isa = XCBuildConfiguration;
			buildSettings = {
				ALWAYS_SEARCH_USER_PATHS = NO;
				CLANG_ANALYZER_NONNULL = YES;
				CLANG_CXX_LANGUAGE_STANDARD = "gnu++0x";
				CLANG_CXX_LIBRARY = "libc++";
				CLANG_ENABLE_MODULES = YES;
				CLANG_ENABLE_OBJC_ARC = YES;
				CLANG_WARN_BOOL_CONVERSION = YES;
				CLANG_WARN_CONSTANT_CONVERSION = YES;
				CLANG_WARN_DIRECT_OBJC_ISA_USAGE = YES_ERROR;
				CLANG_WARN_DOCUMENTATION_COMMENTS = YES;
				CLANG_WARN_EMPTY_BODY = YES;
				CLANG_WARN_ENUM_CONVERSION = YES;
				CLANG_WARN_INFINITE_RECURSION = YES;
				CLANG_WARN_INT_CONVERSION = YES;
				CLANG_WARN_OBJC_ROOT_CLASS = YES_ERROR;
				CLANG_WARN_SUSPICIOUS_MOVES = YES;
				CLANG_WARN_UNREACHABLE_CODE = YES;
				CLANG_WARN__DUPLICATE_METHOD_MATCH = YES;
				"CODE_SIGN_IDENTITY[sdk=iphoneos*]" = "iPhone Developer";
				COPY_PHASE_STRIP = NO;
				DEBUG_INFORMATION_FORMAT = "dwarf-with-dsym";
				ENABLE_NS_ASSERTIONS = NO;
				ENABLE_STRICT_OBJC_MSGSEND = YES;
				GCC_C_LANGUAGE_STANDARD = gnu99;
				GCC_NO_COMMON_BLOCKS = YES;
				GCC_WARN_64_TO_32_BIT_CONVERSION = YES;
				GCC_WARN_ABOUT_RETURN_TYPE = YES_ERROR;
				GCC_WARN_UNDECLARED_SELECTOR = YES;
				GCC_WARN_UNINITIALIZED_AUTOS = YES_AGGRESSIVE;
				GCC_WARN_UNUSED_FUNCTION = YES;
				GCC_WARN_UNUSED_VARIABLE = YES;
				IPHONEOS_DEPLOYMENT_TARGET = 10.0;
				MTL_ENABLE_DEBUG_INFO = NO;
				SDKROOT = iphoneos;
				SWIFT_OPTIMIZATION_LEVEL = "-Owholemodule";
				TARGETED_DEVICE_FAMILY = "1,2";
				VALIDATE_PRODUCT = YES;
			};
			name = Release;
		};
		ECC76C781DE99A6300A410BB /* Debug */ = {
			isa = XCBuildConfiguration;
			buildSettings = {
				ASSETCATALOG_COMPILER_APPICON_NAME = AppIcon;
				INFOPLIST_FILE = FitPairs/Info.plist;
				LD_RUNPATH_SEARCH_PATHS = "$(inherited) @executable_path/Frameworks";
				PRODUCT_BUNDLE_IDENTIFIER = com.nickscloudz.FitPairs;
				PRODUCT_NAME = "$(TARGET_NAME)";
				SWIFT_VERSION = 3.0;
			};
			name = Debug;
		};
		ECC76C791DE99A6300A410BB /* Release */ = {
			isa = XCBuildConfiguration;
			buildSettings = {
				ASSETCATALOG_COMPILER_APPICON_NAME = AppIcon;
				INFOPLIST_FILE = FitPairs/Info.plist;
				LD_RUNPATH_SEARCH_PATHS = "$(inherited) @executable_path/Frameworks";
				PRODUCT_BUNDLE_IDENTIFIER = com.nickscloudz.FitPairs;
				PRODUCT_NAME = "$(TARGET_NAME)";
				SWIFT_VERSION = 3.0;
			};
			name = Release;
		};
		ECC76C7B1DE99A6300A410BB /* Debug */ = {
			isa = XCBuildConfiguration;
			buildSettings = {
				ALWAYS_EMBED_SWIFT_STANDARD_LIBRARIES = YES;
				BUNDLE_LOADER = "$(TEST_HOST)";
				INFOPLIST_FILE = FitPairsTests/Info.plist;
				LD_RUNPATH_SEARCH_PATHS = "$(inherited) @executable_path/Frameworks @loader_path/Frameworks";
				PRODUCT_BUNDLE_IDENTIFIER = com.nickscloudz.FitPairsTests;
				PRODUCT_NAME = "$(TARGET_NAME)";
				SWIFT_VERSION = 3.0;
				TEST_HOST = "$(BUILT_PRODUCTS_DIR)/FitPairs.app/FitPairs";
			};
			name = Debug;
		};
		ECC76C7C1DE99A6300A410BB /* Release */ = {
			isa = XCBuildConfiguration;
			buildSettings = {
				ALWAYS_EMBED_SWIFT_STANDARD_LIBRARIES = YES;
				BUNDLE_LOADER = "$(TEST_HOST)";
				INFOPLIST_FILE = FitPairsTests/Info.plist;
				LD_RUNPATH_SEARCH_PATHS = "$(inherited) @executable_path/Frameworks @loader_path/Frameworks";
				PRODUCT_BUNDLE_IDENTIFIER = com.nickscloudz.FitPairsTests;
				PRODUCT_NAME = "$(TARGET_NAME)";
				SWIFT_VERSION = 3.0;
				TEST_HOST = "$(BUILT_PRODUCTS_DIR)/FitPairs.app/FitPairs";
			};
			name = Release;
		};
		ECC76C7E1DE99A6300A410BB /* Debug */ = {
			isa = XCBuildConfiguration;
			buildSettings = {
				ALWAYS_EMBED_SWIFT_STANDARD_LIBRARIES = YES;
				INFOPLIST_FILE = FitPairsUITests/Info.plist;
				LD_RUNPATH_SEARCH_PATHS = "$(inherited) @executable_path/Frameworks @loader_path/Frameworks";
				PRODUCT_BUNDLE_IDENTIFIER = com.nickscloudz.FitPairsUITests;
				PRODUCT_NAME = "$(TARGET_NAME)";
				SWIFT_VERSION = 3.0;
				TEST_TARGET_NAME = FitPairs;
			};
			name = Debug;
		};
		ECC76C7F1DE99A6300A410BB /* Release */ = {
			isa = XCBuildConfiguration;
			buildSettings = {
				ALWAYS_EMBED_SWIFT_STANDARD_LIBRARIES = YES;
				INFOPLIST_FILE = FitPairsUITests/Info.plist;
				LD_RUNPATH_SEARCH_PATHS = "$(inherited) @executable_path/Frameworks @loader_path/Frameworks";
				PRODUCT_BUNDLE_IDENTIFIER = com.nickscloudz.FitPairsUITests;
				PRODUCT_NAME = "$(TARGET_NAME)";
				SWIFT_VERSION = 3.0;
				TEST_TARGET_NAME = FitPairs;
			};
			name = Release;
		};
/* End XCBuildConfiguration section */

/* Begin XCConfigurationList section */
		ECC76C471DE99A6200A410BB /* Build configuration list for PBXProject "FitPairs" */ = {
			isa = XCConfigurationList;
			buildConfigurations = (
				ECC76C751DE99A6300A410BB /* Debug */,
				ECC76C761DE99A6300A410BB /* Release */,
			);
			defaultConfigurationIsVisible = 0;
			defaultConfigurationName = Release;
		};
		ECC76C771DE99A6300A410BB /* Build configuration list for PBXNativeTarget "FitPairs" */ = {
			isa = XCConfigurationList;
			buildConfigurations = (
				ECC76C781DE99A6300A410BB /* Debug */,
				ECC76C791DE99A6300A410BB /* Release */,
			);
			defaultConfigurationIsVisible = 0;
		};
		ECC76C7A1DE99A6300A410BB /* Build configuration list for PBXNativeTarget "FitPairsTests" */ = {
			isa = XCConfigurationList;
			buildConfigurations = (
				ECC76C7B1DE99A6300A410BB /* Debug */,
				ECC76C7C1DE99A6300A410BB /* Release */,
			);
			defaultConfigurationIsVisible = 0;
		};
		ECC76C7D1DE99A6300A410BB /* Build configuration list for PBXNativeTarget "FitPairsUITests" */ = {
			isa = XCConfigurationList;
			buildConfigurations = (
				ECC76C7E1DE99A6300A410BB /* Debug */,
				ECC76C7F1DE99A6300A410BB /* Release */,
			);
			defaultConfigurationIsVisible = 0;
		};
/* End XCConfigurationList section */

/* Begin XCVersionGroup section */
		ECC76C561DE99A6200A410BB /* FitPairs.xcdatamodeld */ = {
			isa = XCVersionGroup;
			children = (
				ECC76C571DE99A6200A410BB /* FitPairs.xcdatamodel */,
			);
			currentVersion = ECC76C571DE99A6200A410BB /* FitPairs.xcdatamodel */;
			path = FitPairs.xcdatamodeld;
			sourceTree = "<group>";
			versionGroupType = wrapper.xcdatamodel;
		};
/* End XCVersionGroup section */
	};
	rootObject = ECC76C441DE99A6200A410BB /* Project object */;
}
